{
  "name": "tp1",
  "version": "1.0.0",
  "lockfileVersion": 3,
  "requires": true,
  "packages": {
    "": {
      "name": "tp1",
      "version": "1.0.0",
      "license": "ISC",
      "dependencies": {
        "country-codes-list": "^1.6.10",
        "country-to-currency": "^1.0.8"
      }
    },
    "node_modules/country-codes-list": {
      "version": "1.6.10",
      "resolved": "https://registry.npmjs.org/country-codes-list/-/country-codes-list-1.6.10.tgz",
      "integrity": "sha512-qlESEocNo1AO3X3aOv3p5ENCm0Rb+NHrUuJqec6Rf1c5D7Xd0vzsAq/kkVnPKcmnVI7j5ptxB9d4c68Jn6moxg=="
    },
    "node_modules/country-to-currency": {
      "version": "1.0.8",
      "resolved": "https://registry.npmjs.org/country-to-currency/-/country-to-currency-1.0.8.tgz",
      "integrity": "sha512-BWIZwYPl/DS8ucu85I1z2a7bP8jeUC1tkUCr6Qr5KelHuf3rIRxvhh8O/UifLqKrwhH+PoH84RTGEm7WkxH96Q=="
    }
  }
}
